
Microsoft Visual Studio Solution File, Format Version 12.00
# Visual Studio Version 16
VisualStudioVersion = 16.0.29509.3
MinimumVisualStudioVersion = 10.0.40219.1
Project("{FAE04EC0-301F-11D3-BF4B-00C04F79EFBC}") = "QuickBilling", "PlayerUI\QuickBilling.csproj", "{B265B459-B4B6-44BC-BDB1-B401C58DC48F}"
EndProject
Project("{FAE04EC0-301F-11D3-BF4B-00C04F79EFBC}") = "Entity", "Entity\Entity.csproj", "{5A5BA495-2135-4DA0-91D7-8651A3B990ED}"
EndProject
Project("{FAE04EC0-301F-11D3-BF4B-00C04F79EFBC}") = "BLL", "BLL\BLL.csproj", "{54E9D6A8-319D-49D7-AB9A-410088182B1A}"
EndProject
Project("{FAE04EC0-301F-11D3-BF4B-00C04F79EFBC}") = "DAL", "DAL\DAL.csproj", "{7CCDB212-8A52-42D1-89C2-1CF76E6F3332}"
EndProject
Global
	GlobalSection(SolutionConfigurationPlatforms) = preSolution
		Debug|Any CPU = Debug|Any CPU
		Release|Any CPU = Release|Any CPU
	EndGlobalSection
	GlobalSection(ProjectConfigurationPlatforms) = postSolution
		{B265B459-B4B6-44BC-BDB1-B401C58DC48F}.Debug|Any CPU.ActiveCfg = Debug|Any CPU
		{B265B459-B4B6-44BC-BDB1-B401C58DC48F}.Debug|Any CPU.Build.0 = Debug|Any CPU
		{B265B459-B4B6-44BC-BDB1-B401C58DC48F}.Release|Any CPU.ActiveCfg = Release|Any CPU
		{B265B459-B4B6-44BC-BDB1-B401C58DC48F}.Release|Any CPU.Build.0 = Release|Any CPU
		{5A5BA495-2135-4DA0-91D7-8651A3B990ED}.Debug|Any CPU.ActiveCfg = Debug|Any CPU
		{5A5BA495-2135-4DA0-91D7-8651A3B990ED}.Debug|Any CPU.Build.0 = Debug|Any CPU
		{5A5BA495-2135-4DA0-91D7-8651A3B990ED}.Release|Any CPU.ActiveCfg = Release|Any CPU
		{5A5BA495-2135-4DA0-91D7-8651A3B990ED}.Release|Any CPU.Build.0 = Release|Any CPU
		{54E9D6A8-319D-49D7-AB9A-410088182B1A}.Debug|Any CPU.ActiveCfg = Debug|Any CPU
		{54E9D6A8-319D-49D7-AB9A-410088182B1A}.Debug|Any CPU.Build.0 = Debug|Any CPU
		{54E9D6A8-319D-49D7-AB9A-410088182B1A}.Release|Any CPU.ActiveCfg = Release|Any CPU
		{54E9D6A8-319D-49D7-AB9A-410088182B1A}.Release|Any CPU.Build.0 = Release|Any CPU
		{7CCDB212-8A52-42D1-89C2-1CF76E6F3332}.Debug|Any CPU.ActiveCfg = Debug|Any CPU
		{7CCDB212-8A52-42D1-89C2-1CF76E6F3332}.Debug|Any CPU.Build.0 = Debug|Any CPU
		{7CCDB212-8A52-42D1-89C2-1CF76E6F3332}.Release|Any CPU.ActiveCfg = Release|Any CPU
		{7CCDB212-8A52-42D1-89C2-1CF76E6F3332}.Release|Any CPU.Build.0 = Release|Any CPU
	EndGlobalSection
	GlobalSection(SolutionProperties) = preSolution
		HideSolutionNode = FALSE
	EndGlobalSection
	GlobalSection(ExtensibilityGlobals) = postSolution
		SolutionGuid = {AFABD714-B603-45A0-92B2-D44BF1230C01}
	EndGlobalSection
EndGlobal
